
Microsoft Visual Studio Solution File, Format Version 12.00
# Visual Studio 15
VisualStudioVersion = 15.0.27428.2015
MinimumVisualStudioVersion = 10.0.40219.1
Project("{FAE04EC0-301F-11D3-BF4B-00C04F79EFBC}") = "qltv", "qltv\qltv.csproj", "{68923CDE-B9D4-4C11-AEA4-EF7732DEC570}"
EndProject
Global
	GlobalSection(SolutionConfigurationPlatforms) = preSolution
		Debug|Any CPU = Debug|Any CPU
		Release|Any CPU = Release|Any CPU
	EndGlobalSection
	GlobalSection(ProjectConfigurationPlatforms) = postSolution
		{68923CDE-B9D4-4C11-AEA4-EF7732DEC570}.Debug|Any CPU.ActiveCfg = Debug|Any CPU
		{68923CDE-B9D4-4C11-AEA4-EF7732DEC570}.Debug|Any CPU.Build.0 = Debug|Any CPU
		{68923CDE-B9D4-4C11-AEA4-EF7732DEC570}.Release|Any CPU.ActiveCfg = Release|Any CPU
		{68923CDE-B9D4-4C11-AEA4-EF7732DEC570}.Release|Any CPU.Build.0 = Release|Any CPU
	EndGlobalSection
	GlobalSection(SolutionProperties) = preSolution
		HideSolutionNode = FALSE
	EndGlobalSection
	GlobalSection(ExtensibilityGlobals) = postSolution
		SolutionGuid = {B675C010-3E1A-406D-930B-D96AA5B7318F}
	EndGlobalSection
EndGlobal
